{
  "version": 4,
  "terraform_version": "0.12.17",
  "serial": 130,
  "lineage": "40f6e979-e4ea-3391-af3d-ea151c5a6f71",
  "outputs": {},
  "resources": [
    {
      "mode": "managed",
      "type": "docker_image",
      "name": "mysql",
      "provider": "provider.docker",
      "instances": [
        {
          "schema_version": 0,
          "attributes": {
            "id": "sha256:d435eee2caa52800a0b534b130fd8f8a94f772f9ed08d0da1053fa3a1b7daad2mysql:8.0",
            "keep_locally": null,
            "latest": "sha256:d435eee2caa52800a0b534b130fd8f8a94f772f9ed08d0da1053fa3a1b7daad2",
            "name": "mysql:8.0",
            "pull_trigger": null,
            "pull_triggers": null
          }
        }
      ]
    }
  ]
}
